
Microsoft Visual Studio Solution File, Format Version 12.00
# Visual Studio 15
Project("{FAE04EC0-301F-11D3-BF4B-00C04F79EFBC}") = "PDFService.Entities", "PDFService.Entities\PDFService.Entities.csproj", "{FC300718-86AA-4552-9F2B-40147AE33077}"
EndProject
Project("{FAE04EC0-301F-11D3-BF4B-00C04F79EFBC}") = "PDFService.Repository", "PDFService.Repository\PDFService.Repository.csproj", "{0ECE3CF2-B1A1-4CAC-9B76-876A87FE46F0}"
EndProject
Project("{FAE04EC0-301F-11D3-BF4B-00C04F79EFBC}") = "PDFService.Repository.MySQL", "PDFService.Repository.MySQL\PDFService.Repository.MySQL.csproj", "{8F707E89-4BCF-4E68-91A9-93AFF4BC6D6C}"
EndProject
Project("{FAE04EC0-301F-11D3-BF4B-00C04F79EFBC}") = "PDFService.Services.Entity", "PDFService.Services.Entity\PDFService.Services.Entity.csproj", "{C2224DA9-5D52-4D30-A837-D22D7764DF90}"
EndProject
Project("{FAE04EC0-301F-11D3-BF4B-00C04F79EFBC}") = "PDFService.DTO", "PDFService.DTO\PDFService.DTO.csproj", "{8B874989-9228-40C5-B425-9247C703D92A}"
EndProject
Project("{FAE04EC0-301F-11D3-BF4B-00C04F79EFBC}") = "PDFService.Adapter", "PDFService.Adapter\PDFService.Adapter.csproj", "{A1B20884-B1CB-41BA-9EEB-5EE705359AF3}"
EndProject
Project("{FAE04EC0-301F-11D3-BF4B-00C04F79EFBC}") = "PDFService.API.Messages", "PDFService.API.Messages\PDFService.API.Messages.csproj", "{3AF1CEFB-365D-4925-8318-0FD5E5959F2F}"
EndProject
Project("{FAE04EC0-301F-11D3-BF4B-00C04F79EFBC}") = "PDFService.DI", "PDFService.DI\PDFService.DI.csproj", "{38524798-3AE2-489C-956F-0D57B36CE7E5}"
EndProject
Project("{FAE04EC0-301F-11D3-BF4B-00C04F79EFBC}") = "PDFService.API", "PDFService.API\PDFService.API.csproj", "{C0BEA791-08EE-4073-94D7-DA4008DDF2A2}"
EndProject
Project("{E53339B2-1760-4266-BCC7-CA923CBCF16C}") = "docker-compose", "docker-compose.dcproj", "{7C3D630E-50B3-48F1-B5C5-75D707D55E21}"
EndProject
Project("{2150E333-8FDC-42A3-9474-1A3956D46DE8}") = "Solution Items", "Solution Items", "{8CC9DBC5-BBC9-4685-A3FB-90CA6C7C1823}"
	ProjectSection(SolutionItems) = preProject
		README.md = README.md
		Makefile = Makefile
	EndProjectSection
EndProject
Global
	GlobalSection(SolutionConfigurationPlatforms) = preSolution
		Debug|Any CPU = Debug|Any CPU
		Release|Any CPU = Release|Any CPU
	EndGlobalSection
	GlobalSection(ProjectConfigurationPlatforms) = postSolution
		{FC300718-86AA-4552-9F2B-40147AE33077}.Debug|Any CPU.ActiveCfg = Debug|Any CPU
		{FC300718-86AA-4552-9F2B-40147AE33077}.Debug|Any CPU.Build.0 = Debug|Any CPU
		{FC300718-86AA-4552-9F2B-40147AE33077}.Release|Any CPU.ActiveCfg = Release|Any CPU
		{FC300718-86AA-4552-9F2B-40147AE33077}.Release|Any CPU.Build.0 = Release|Any CPU
		{0ECE3CF2-B1A1-4CAC-9B76-876A87FE46F0}.Debug|Any CPU.ActiveCfg = Debug|Any CPU
		{0ECE3CF2-B1A1-4CAC-9B76-876A87FE46F0}.Debug|Any CPU.Build.0 = Debug|Any CPU
		{0ECE3CF2-B1A1-4CAC-9B76-876A87FE46F0}.Release|Any CPU.ActiveCfg = Release|Any CPU
		{0ECE3CF2-B1A1-4CAC-9B76-876A87FE46F0}.Release|Any CPU.Build.0 = Release|Any CPU
		{8F707E89-4BCF-4E68-91A9-93AFF4BC6D6C}.Debug|Any CPU.ActiveCfg = Debug|Any CPU
		{8F707E89-4BCF-4E68-91A9-93AFF4BC6D6C}.Debug|Any CPU.Build.0 = Debug|Any CPU
		{8F707E89-4BCF-4E68-91A9-93AFF4BC6D6C}.Release|Any CPU.ActiveCfg = Release|Any CPU
		{8F707E89-4BCF-4E68-91A9-93AFF4BC6D6C}.Release|Any CPU.Build.0 = Release|Any CPU
		{C2224DA9-5D52-4D30-A837-D22D7764DF90}.Debug|Any CPU.ActiveCfg = Debug|Any CPU
		{C2224DA9-5D52-4D30-A837-D22D7764DF90}.Debug|Any CPU.Build.0 = Debug|Any CPU
		{C2224DA9-5D52-4D30-A837-D22D7764DF90}.Release|Any CPU.ActiveCfg = Release|Any CPU
		{C2224DA9-5D52-4D30-A837-D22D7764DF90}.Release|Any CPU.Build.0 = Release|Any CPU
		{8B874989-9228-40C5-B425-9247C703D92A}.Debug|Any CPU.ActiveCfg = Debug|Any CPU
		{8B874989-9228-40C5-B425-9247C703D92A}.Debug|Any CPU.Build.0 = Debug|Any CPU
		{8B874989-9228-40C5-B425-9247C703D92A}.Release|Any CPU.ActiveCfg = Release|Any CPU
		{8B874989-9228-40C5-B425-9247C703D92A}.Release|Any CPU.Build.0 = Release|Any CPU
		{A1B20884-B1CB-41BA-9EEB-5EE705359AF3}.Debug|Any CPU.ActiveCfg = Debug|Any CPU
		{A1B20884-B1CB-41BA-9EEB-5EE705359AF3}.Debug|Any CPU.Build.0 = Debug|Any CPU
		{A1B20884-B1CB-41BA-9EEB-5EE705359AF3}.Release|Any CPU.ActiveCfg = Release|Any CPU
		{A1B20884-B1CB-41BA-9EEB-5EE705359AF3}.Release|Any CPU.Build.0 = Release|Any CPU
		{3AF1CEFB-365D-4925-8318-0FD5E5959F2F}.Debug|Any CPU.ActiveCfg = Debug|Any CPU
		{3AF1CEFB-365D-4925-8318-0FD5E5959F2F}.Debug|Any CPU.Build.0 = Debug|Any CPU
		{3AF1CEFB-365D-4925-8318-0FD5E5959F2F}.Release|Any CPU.ActiveCfg = Release|Any CPU
		{3AF1CEFB-365D-4925-8318-0FD5E5959F2F}.Release|Any CPU.Build.0 = Release|Any CPU
		{38524798-3AE2-489C-956F-0D57B36CE7E5}.Debug|Any CPU.ActiveCfg = Debug|Any CPU
		{38524798-3AE2-489C-956F-0D57B36CE7E5}.Debug|Any CPU.Build.0 = Debug|Any CPU
		{38524798-3AE2-489C-956F-0D57B36CE7E5}.Release|Any CPU.ActiveCfg = Release|Any CPU
		{38524798-3AE2-489C-956F-0D57B36CE7E5}.Release|Any CPU.Build.0 = Release|Any CPU
		{C0BEA791-08EE-4073-94D7-DA4008DDF2A2}.Debug|Any CPU.ActiveCfg = Debug|Any CPU
		{C0BEA791-08EE-4073-94D7-DA4008DDF2A2}.Debug|Any CPU.Build.0 = Debug|Any CPU
		{C0BEA791-08EE-4073-94D7-DA4008DDF2A2}.Release|Any CPU.ActiveCfg = Release|Any CPU
		{C0BEA791-08EE-4073-94D7-DA4008DDF2A2}.Release|Any CPU.Build.0 = Release|Any CPU
		{7C3D630E-50B3-48F1-B5C5-75D707D55E21}.Debug|Any CPU.ActiveCfg = Debug|Any CPU
		{7C3D630E-50B3-48F1-B5C5-75D707D55E21}.Debug|Any CPU.Build.0 = Debug|Any CPU
		{7C3D630E-50B3-48F1-B5C5-75D707D55E21}.Release|Any CPU.ActiveCfg = Release|Any CPU
		{7C3D630E-50B3-48F1-B5C5-75D707D55E21}.Release|Any CPU.Build.0 = Release|Any CPU
	EndGlobalSection
EndGlobal
